
Microsoft Visual Studio Solution File, Format Version 12.00
# Visual Studio 14
VisualStudioVersion = 14.0.25420.1
MinimumVisualStudioVersion = 10.0.40219.1
Project("{FAE04EC0-301F-11D3-BF4B-00C04F79EFBC}") = "Airway", "AIRWAYBUNIFU\Airway.csproj", "{9BDA794C-09E4-4C4A-84BC-3FFF0D9B8D48}"
	ProjectSection(ProjectDependencies) = postProject
		{96ED988F-C4EA-4BC0-A9B8-A96EC1EFAF4B} = {96ED988F-C4EA-4BC0-A9B8-A96EC1EFAF4B}
		{109CA5EB-D99D-4507-A621-9E4D6166D9DB} = {109CA5EB-D99D-4507-A621-9E4D6166D9DB}
		{48B1A1F3-3D30-41B8-905B-4A29EA77821B} = {48B1A1F3-3D30-41B8-905B-4A29EA77821B}
	EndProjectSection
EndProject
Project("{FAE04EC0-301F-11D3-BF4B-00C04F79EFBC}") = "Airway.Core", "Airway.Core\Airway.Core.csproj", "{96ED988F-C4EA-4BC0-A9B8-A96EC1EFAF4B}"
	ProjectSection(ProjectDependencies) = postProject
		{109CA5EB-D99D-4507-A621-9E4D6166D9DB} = {109CA5EB-D99D-4507-A621-9E4D6166D9DB}
		{48B1A1F3-3D30-41B8-905B-4A29EA77821B} = {48B1A1F3-3D30-41B8-905B-4A29EA77821B}
	EndProjectSection
EndProject
Project("{FAE04EC0-301F-11D3-BF4B-00C04F79EFBC}") = "Airway.Data", "Airway.Data\Airway.Data.csproj", "{48B1A1F3-3D30-41B8-905B-4A29EA77821B}"
	ProjectSection(ProjectDependencies) = postProject
		{109CA5EB-D99D-4507-A621-9E4D6166D9DB} = {109CA5EB-D99D-4507-A621-9E4D6166D9DB}
	EndProjectSection
EndProject
Project("{FAE04EC0-301F-11D3-BF4B-00C04F79EFBC}") = "Airway.Entity", "Airway.Entity\Airway.Entity.csproj", "{109CA5EB-D99D-4507-A621-9E4D6166D9DB}"
EndProject
Global
	GlobalSection(SolutionConfigurationPlatforms) = preSolution
		d21|Any CPU = d21|Any CPU
		D22|Any CPU = D22|Any CPU
		d24|Any CPU = d24|Any CPU
		Debug|Any CPU = Debug|Any CPU
		debug12|Any CPU = debug12|Any CPU
		debug13|Any CPU = debug13|Any CPU
		debug14|Any CPU = debug14|Any CPU
		debug15|Any CPU = debug15|Any CPU
		debug16|Any CPU = debug16|Any CPU
		debug17|Any CPU = debug17|Any CPU
		Debug2|Any CPU = Debug2|Any CPU
		debug20|Any CPU = debug20|Any CPU
		debug23|Any CPU = debug23|Any CPU
		debug3|Any CPU = debug3|Any CPU
		debug4|Any CPU = debug4|Any CPU
		debug5|Any CPU = debug5|Any CPU
		Debug7|Any CPU = Debug7|Any CPU
		Debug8|Any CPU = Debug8|Any CPU
		Rafi|Any CPU = Rafi|Any CPU
		Release|Any CPU = Release|Any CPU
	EndGlobalSection
	GlobalSection(ProjectConfigurationPlatforms) = postSolution
		{9BDA794C-09E4-4C4A-84BC-3FFF0D9B8D48}.d21|Any CPU.ActiveCfg = d21|Any CPU
		{9BDA794C-09E4-4C4A-84BC-3FFF0D9B8D48}.d21|Any CPU.Build.0 = d21|Any CPU
		{9BDA794C-09E4-4C4A-84BC-3FFF0D9B8D48}.D22|Any CPU.ActiveCfg = D22|Any CPU
		{9BDA794C-09E4-4C4A-84BC-3FFF0D9B8D48}.D22|Any CPU.Build.0 = D22|Any CPU
		{9BDA794C-09E4-4C4A-84BC-3FFF0D9B8D48}.d24|Any CPU.ActiveCfg = d24|Any CPU
		{9BDA794C-09E4-4C4A-84BC-3FFF0D9B8D48}.d24|Any CPU.Build.0 = d24|Any CPU
		{9BDA794C-09E4-4C4A-84BC-3FFF0D9B8D48}.Debug|Any CPU.ActiveCfg = Debug|Any CPU
		{9BDA794C-09E4-4C4A-84BC-3FFF0D9B8D48}.Debug|Any CPU.Build.0 = Debug|Any CPU
		{9BDA794C-09E4-4C4A-84BC-3FFF0D9B8D48}.debug12|Any CPU.ActiveCfg = debug12|Any CPU
		{9BDA794C-09E4-4C4A-84BC-3FFF0D9B8D48}.debug12|Any CPU.Build.0 = debug12|Any CPU
		{9BDA794C-09E4-4C4A-84BC-3FFF0D9B8D48}.debug13|Any CPU.ActiveCfg = debug13|Any CPU
		{9BDA794C-09E4-4C4A-84BC-3FFF0D9B8D48}.debug13|Any CPU.Build.0 = debug13|Any CPU
		{9BDA794C-09E4-4C4A-84BC-3FFF0D9B8D48}.debug14|Any CPU.ActiveCfg = debug14|Any CPU
		{9BDA794C-09E4-4C4A-84BC-3FFF0D9B8D48}.debug14|Any CPU.Build.0 = debug14|Any CPU
		{9BDA794C-09E4-4C4A-84BC-3FFF0D9B8D48}.debug15|Any CPU.ActiveCfg = debug15|Any CPU
		{9BDA794C-09E4-4C4A-84BC-3FFF0D9B8D48}.debug15|Any CPU.Build.0 = debug15|Any CPU
		{9BDA794C-09E4-4C4A-84BC-3FFF0D9B8D48}.debug16|Any CPU.ActiveCfg = debug16|Any CPU
		{9BDA794C-09E4-4C4A-84BC-3FFF0D9B8D48}.debug16|Any CPU.Build.0 = debug16|Any CPU
		{9BDA794C-09E4-4C4A-84BC-3FFF0D9B8D48}.debug17|Any CPU.ActiveCfg = debug17|Any CPU
		{9BDA794C-09E4-4C4A-84BC-3FFF0D9B8D48}.debug17|Any CPU.Build.0 = debug17|Any CPU
		{9BDA794C-09E4-4C4A-84BC-3FFF0D9B8D48}.Debug2|Any CPU.ActiveCfg = Debug2|Any CPU
		{9BDA794C-09E4-4C4A-84BC-3FFF0D9B8D48}.Debug2|Any CPU.Build.0 = Debug2|Any CPU
		{9BDA794C-09E4-4C4A-84BC-3FFF0D9B8D48}.debug20|Any CPU.ActiveCfg = debug20|Any CPU
		{9BDA794C-09E4-4C4A-84BC-3FFF0D9B8D48}.debug20|Any CPU.Build.0 = debug20|Any CPU
		{9BDA794C-09E4-4C4A-84BC-3FFF0D9B8D48}.debug23|Any CPU.ActiveCfg = debug23|Any CPU
		{9BDA794C-09E4-4C4A-84BC-3FFF0D9B8D48}.debug23|Any CPU.Build.0 = debug23|Any CPU
		{9BDA794C-09E4-4C4A-84BC-3FFF0D9B8D48}.debug3|Any CPU.ActiveCfg = debug3|Any CPU
		{9BDA794C-09E4-4C4A-84BC-3FFF0D9B8D48}.debug3|Any CPU.Build.0 = debug3|Any CPU
		{9BDA794C-09E4-4C4A-84BC-3FFF0D9B8D48}.debug4|Any CPU.ActiveCfg = debug4|Any CPU
		{9BDA794C-09E4-4C4A-84BC-3FFF0D9B8D48}.debug4|Any CPU.Build.0 = debug4|Any CPU
		{9BDA794C-09E4-4C4A-84BC-3FFF0D9B8D48}.debug5|Any CPU.ActiveCfg = debug5|Any CPU
		{9BDA794C-09E4-4C4A-84BC-3FFF0D9B8D48}.debug5|Any CPU.Build.0 = debug5|Any CPU
		{9BDA794C-09E4-4C4A-84BC-3FFF0D9B8D48}.Debug7|Any CPU.ActiveCfg = Debug7|Any CPU
		{9BDA794C-09E4-4C4A-84BC-3FFF0D9B8D48}.Debug7|Any CPU.Build.0 = Debug7|Any CPU
		{9BDA794C-09E4-4C4A-84BC-3FFF0D9B8D48}.Debug8|Any CPU.ActiveCfg = Debug8|Any CPU
		{9BDA794C-09E4-4C4A-84BC-3FFF0D9B8D48}.Debug8|Any CPU.Build.0 = Debug8|Any CPU
		{9BDA794C-09E4-4C4A-84BC-3FFF0D9B8D48}.Rafi|Any CPU.ActiveCfg = Rafi|Any CPU
		{9BDA794C-09E4-4C4A-84BC-3FFF0D9B8D48}.Rafi|Any CPU.Build.0 = Rafi|Any CPU
		{9BDA794C-09E4-4C4A-84BC-3FFF0D9B8D48}.Release|Any CPU.ActiveCfg = Release|Any CPU
		{9BDA794C-09E4-4C4A-84BC-3FFF0D9B8D48}.Release|Any CPU.Build.0 = Release|Any CPU
		{96ED988F-C4EA-4BC0-A9B8-A96EC1EFAF4B}.d21|Any CPU.ActiveCfg = Debug|Any CPU
		{96ED988F-C4EA-4BC0-A9B8-A96EC1EFAF4B}.d21|Any CPU.Build.0 = Debug|Any CPU
		{96ED988F-C4EA-4BC0-A9B8-A96EC1EFAF4B}.D22|Any CPU.ActiveCfg = Debug|Any CPU
		{96ED988F-C4EA-4BC0-A9B8-A96EC1EFAF4B}.D22|Any CPU.Build.0 = Debug|Any CPU
		{96ED988F-C4EA-4BC0-A9B8-A96EC1EFAF4B}.d24|Any CPU.ActiveCfg = Debug|Any CPU
		{96ED988F-C4EA-4BC0-A9B8-A96EC1EFAF4B}.d24|Any CPU.Build.0 = Debug|Any CPU
		{96ED988F-C4EA-4BC0-A9B8-A96EC1EFAF4B}.Debug|Any CPU.ActiveCfg = Debug|Any CPU
		{96ED988F-C4EA-4BC0-A9B8-A96EC1EFAF4B}.Debug|Any CPU.Build.0 = Debug|Any CPU
		{96ED988F-C4EA-4BC0-A9B8-A96EC1EFAF4B}.debug12|Any CPU.ActiveCfg = Debug|Any CPU
		{96ED988F-C4EA-4BC0-A9B8-A96EC1EFAF4B}.debug12|Any CPU.Build.0 = Debug|Any CPU
		{96ED988F-C4EA-4BC0-A9B8-A96EC1EFAF4B}.debug13|Any CPU.ActiveCfg = Debug|Any CPU
		{96ED988F-C4EA-4BC0-A9B8-A96EC1EFAF4B}.debug13|Any CPU.Build.0 = Debug|Any CPU
		{96ED988F-C4EA-4BC0-A9B8-A96EC1EFAF4B}.debug14|Any CPU.ActiveCfg = Debug|Any CPU
		{96ED988F-C4EA-4BC0-A9B8-A96EC1EFAF4B}.debug14|Any CPU.Build.0 = Debug|Any CPU
		{96ED988F-C4EA-4BC0-A9B8-A96EC1EFAF4B}.debug15|Any CPU.ActiveCfg = Debug|Any CPU
		{96ED988F-C4EA-4BC0-A9B8-A96EC1EFAF4B}.debug15|Any CPU.Build.0 = Debug|Any CPU
		{96ED988F-C4EA-4BC0-A9B8-A96EC1EFAF4B}.debug16|Any CPU.ActiveCfg = Debug|Any CPU
		{96ED988F-C4EA-4BC0-A9B8-A96EC1EFAF4B}.debug16|Any CPU.Build.0 = Debug|Any CPU
		{96ED988F-C4EA-4BC0-A9B8-A96EC1EFAF4B}.debug17|Any CPU.ActiveCfg = Debug|Any CPU
		{96ED988F-C4EA-4BC0-A9B8-A96EC1EFAF4B}.debug17|Any CPU.Build.0 = Debug|Any CPU
		{96ED988F-C4EA-4BC0-A9B8-A96EC1EFAF4B}.Debug2|Any CPU.ActiveCfg = Debug|Any CPU
		{96ED988F-C4EA-4BC0-A9B8-A96EC1EFAF4B}.Debug2|Any CPU.Build.0 = Debug|Any CPU
		{96ED988F-C4EA-4BC0-A9B8-A96EC1EFAF4B}.debug20|Any CPU.ActiveCfg = Debug|Any CPU
		{96ED988F-C4EA-4BC0-A9B8-A96EC1EFAF4B}.debug20|Any CPU.Build.0 = Debug|Any CPU
		{96ED988F-C4EA-4BC0-A9B8-A96EC1EFAF4B}.debug23|Any CPU.ActiveCfg = Debug|Any CPU
		{96ED988F-C4EA-4BC0-A9B8-A96EC1EFAF4B}.debug23|Any CPU.Build.0 = Debug|Any CPU
		{96ED988F-C4EA-4BC0-A9B8-A96EC1EFAF4B}.debug3|Any CPU.ActiveCfg = Debug|Any CPU
		{96ED988F-C4EA-4BC0-A9B8-A96EC1EFAF4B}.debug3|Any CPU.Build.0 = Debug|Any CPU
		{96ED988F-C4EA-4BC0-A9B8-A96EC1EFAF4B}.debug4|Any CPU.ActiveCfg = Debug|Any CPU
		{96ED988F-C4EA-4BC0-A9B8-A96EC1EFAF4B}.debug4|Any CPU.Build.0 = Debug|Any CPU
		{96ED988F-C4EA-4BC0-A9B8-A96EC1EFAF4B}.debug5|Any CPU.ActiveCfg = Debug|Any CPU
		{96ED988F-C4EA-4BC0-A9B8-A96EC1EFAF4B}.debug5|Any CPU.Build.0 = Debug|Any CPU
		{96ED988F-C4EA-4BC0-A9B8-A96EC1EFAF4B}.Debug7|Any CPU.ActiveCfg = Debug|Any CPU
		{96ED988F-C4EA-4BC0-A9B8-A96EC1EFAF4B}.Debug7|Any CPU.Build.0 = Debug|Any CPU
		{96ED988F-C4EA-4BC0-A9B8-A96EC1EFAF4B}.Debug8|Any CPU.ActiveCfg = Debug|Any CPU
		{96ED988F-C4EA-4BC0-A9B8-A96EC1EFAF4B}.Debug8|Any CPU.Build.0 = Debug|Any CPU
		{96ED988F-C4EA-4BC0-A9B8-A96EC1EFAF4B}.Rafi|Any CPU.ActiveCfg = Rafi|Any CPU
		{96ED988F-C4EA-4BC0-A9B8-A96EC1EFAF4B}.Rafi|Any CPU.Build.0 = Rafi|Any CPU
		{96ED988F-C4EA-4BC0-A9B8-A96EC1EFAF4B}.Release|Any CPU.ActiveCfg = Release|Any CPU
		{96ED988F-C4EA-4BC0-A9B8-A96EC1EFAF4B}.Release|Any CPU.Build.0 = Release|Any CPU
		{48B1A1F3-3D30-41B8-905B-4A29EA77821B}.d21|Any CPU.ActiveCfg = Debug|Any CPU
		{48B1A1F3-3D30-41B8-905B-4A29EA77821B}.d21|Any CPU.Build.0 = Debug|Any CPU
		{48B1A1F3-3D30-41B8-905B-4A29EA77821B}.D22|Any CPU.ActiveCfg = Debug|Any CPU
		{48B1A1F3-3D30-41B8-905B-4A29EA77821B}.D22|Any CPU.Build.0 = Debug|Any CPU
		{48B1A1F3-3D30-41B8-905B-4A29EA77821B}.d24|Any CPU.ActiveCfg = Debug|Any CPU
		{48B1A1F3-3D30-41B8-905B-4A29EA77821B}.d24|Any CPU.Build.0 = Debug|Any CPU
		{48B1A1F3-3D30-41B8-905B-4A29EA77821B}.Debug|Any CPU.ActiveCfg = Debug|Any CPU
		{48B1A1F3-3D30-41B8-905B-4A29EA77821B}.Debug|Any CPU.Build.0 = Debug|Any CPU
		{48B1A1F3-3D30-41B8-905B-4A29EA77821B}.debug12|Any CPU.ActiveCfg = Debug|Any CPU
		{48B1A1F3-3D30-41B8-905B-4A29EA77821B}.debug12|Any CPU.Build.0 = Debug|Any CPU
		{48B1A1F3-3D30-41B8-905B-4A29EA77821B}.debug13|Any CPU.ActiveCfg = Debug|Any CPU
		{48B1A1F3-3D30-41B8-905B-4A29EA77821B}.debug13|Any CPU.Build.0 = Debug|Any CPU
		{48B1A1F3-3D30-41B8-905B-4A29EA77821B}.debug14|Any CPU.ActiveCfg = Debug|Any CPU
		{48B1A1F3-3D30-41B8-905B-4A29EA77821B}.debug14|Any CPU.Build.0 = Debug|Any CPU
		{48B1A1F3-3D30-41B8-905B-4A29EA77821B}.debug15|Any CPU.ActiveCfg = Debug|Any CPU
		{48B1A1F3-3D30-41B8-905B-4A29EA77821B}.debug15|Any CPU.Build.0 = Debug|Any CPU
		{48B1A1F3-3D30-41B8-905B-4A29EA77821B}.debug16|Any CPU.ActiveCfg = Debug|Any CPU
		{48B1A1F3-3D30-41B8-905B-4A29EA77821B}.debug16|Any CPU.Build.0 = Debug|Any CPU
		{48B1A1F3-3D30-41B8-905B-4A29EA77821B}.debug17|Any CPU.ActiveCfg = Debug|Any CPU
		{48B1A1F3-3D30-41B8-905B-4A29EA77821B}.debug17|Any CPU.Build.0 = Debug|Any CPU
		{48B1A1F3-3D30-41B8-905B-4A29EA77821B}.Debug2|Any CPU.ActiveCfg = Debug|Any CPU
		{48B1A1F3-3D30-41B8-905B-4A29EA77821B}.Debug2|Any CPU.Build.0 = Debug|Any CPU
		{48B1A1F3-3D30-41B8-905B-4A29EA77821B}.debug20|Any CPU.ActiveCfg = Debug|Any CPU
		{48B1A1F3-3D30-41B8-905B-4A29EA77821B}.debug20|Any CPU.Build.0 = Debug|Any CPU
		{48B1A1F3-3D30-41B8-905B-4A29EA77821B}.debug23|Any CPU.ActiveCfg = Debug|Any CPU
		{48B1A1F3-3D30-41B8-905B-4A29EA77821B}.debug23|Any CPU.Build.0 = Debug|Any CPU
		{48B1A1F3-3D30-41B8-905B-4A29EA77821B}.debug3|Any CPU.ActiveCfg = Debug|Any CPU
		{48B1A1F3-3D30-41B8-905B-4A29EA77821B}.debug3|Any CPU.Build.0 = Debug|Any CPU
		{48B1A1F3-3D30-41B8-905B-4A29EA77821B}.debug4|Any CPU.ActiveCfg = Debug|Any CPU
		{48B1A1F3-3D30-41B8-905B-4A29EA77821B}.debug4|Any CPU.Build.0 = Debug|Any CPU
		{48B1A1F3-3D30-41B8-905B-4A29EA77821B}.debug5|Any CPU.ActiveCfg = Debug|Any CPU
		{48B1A1F3-3D30-41B8-905B-4A29EA77821B}.debug5|Any CPU.Build.0 = Debug|Any CPU
		{48B1A1F3-3D30-41B8-905B-4A29EA77821B}.Debug7|Any CPU.ActiveCfg = Debug|Any CPU
		{48B1A1F3-3D30-41B8-905B-4A29EA77821B}.Debug7|Any CPU.Build.0 = Debug|Any CPU
		{48B1A1F3-3D30-41B8-905B-4A29EA77821B}.Debug8|Any CPU.ActiveCfg = Debug|Any CPU
		{48B1A1F3-3D30-41B8-905B-4A29EA77821B}.Debug8|Any CPU.Build.0 = Debug|Any CPU
		{48B1A1F3-3D30-41B8-905B-4A29EA77821B}.Rafi|Any CPU.ActiveCfg = Rafi|Any CPU
		{48B1A1F3-3D30-41B8-905B-4A29EA77821B}.Rafi|Any CPU.Build.0 = Rafi|Any CPU
		{48B1A1F3-3D30-41B8-905B-4A29EA77821B}.Release|Any CPU.ActiveCfg = Release|Any CPU
		{48B1A1F3-3D30-41B8-905B-4A29EA77821B}.Release|Any CPU.Build.0 = Release|Any CPU
		{109CA5EB-D99D-4507-A621-9E4D6166D9DB}.d21|Any CPU.ActiveCfg = Debug|Any CPU
		{109CA5EB-D99D-4507-A621-9E4D6166D9DB}.d21|Any CPU.Build.0 = Debug|Any CPU
		{109CA5EB-D99D-4507-A621-9E4D6166D9DB}.D22|Any CPU.ActiveCfg = Debug|Any CPU
		{109CA5EB-D99D-4507-A621-9E4D6166D9DB}.D22|Any CPU.Build.0 = Debug|Any CPU
		{109CA5EB-D99D-4507-A621-9E4D6166D9DB}.d24|Any CPU.ActiveCfg = Debug|Any CPU
		{109CA5EB-D99D-4507-A621-9E4D6166D9DB}.d24|Any CPU.Build.0 = Debug|Any CPU
		{109CA5EB-D99D-4507-A621-9E4D6166D9DB}.Debug|Any CPU.ActiveCfg = Debug|Any CPU
		{109CA5EB-D99D-4507-A621-9E4D6166D9DB}.Debug|Any CPU.Build.0 = Debug|Any CPU
		{109CA5EB-D99D-4507-A621-9E4D6166D9DB}.debug12|Any CPU.ActiveCfg = Debug|Any CPU
		{109CA5EB-D99D-4507-A621-9E4D6166D9DB}.debug12|Any CPU.Build.0 = Debug|Any CPU
		{109CA5EB-D99D-4507-A621-9E4D6166D9DB}.debug13|Any CPU.ActiveCfg = Debug|Any CPU
		{109CA5EB-D99D-4507-A621-9E4D6166D9DB}.debug13|Any CPU.Build.0 = Debug|Any CPU
		{109CA5EB-D99D-4507-A621-9E4D6166D9DB}.debug14|Any CPU.ActiveCfg = Debug|Any CPU
		{109CA5EB-D99D-4507-A621-9E4D6166D9DB}.debug14|Any CPU.Build.0 = Debug|Any CPU
		{109CA5EB-D99D-4507-A621-9E4D6166D9DB}.debug15|Any CPU.ActiveCfg = Debug|Any CPU
		{109CA5EB-D99D-4507-A621-9E4D6166D9DB}.debug15|Any CPU.Build.0 = Debug|Any CPU
		{109CA5EB-D99D-4507-A621-9E4D6166D9DB}.debug16|Any CPU.ActiveCfg = Debug|Any CPU
		{109CA5EB-D99D-4507-A621-9E4D6166D9DB}.debug16|Any CPU.Build.0 = Debug|Any CPU
		{109CA5EB-D99D-4507-A621-9E4D6166D9DB}.debug17|Any CPU.ActiveCfg = Debug|Any CPU
		{109CA5EB-D99D-4507-A621-9E4D6166D9DB}.debug17|Any CPU.Build.0 = Debug|Any CPU
		{109CA5EB-D99D-4507-A621-9E4D6166D9DB}.Debug2|Any CPU.ActiveCfg = Debug|Any CPU
		{109CA5EB-D99D-4507-A621-9E4D6166D9DB}.Debug2|Any CPU.Build.0 = Debug|Any CPU
		{109CA5EB-D99D-4507-A621-9E4D6166D9DB}.debug20|Any CPU.ActiveCfg = Debug|Any CPU
		{109CA5EB-D99D-4507-A621-9E4D6166D9DB}.debug20|Any CPU.Build.0 = Debug|Any CPU
		{109CA5EB-D99D-4507-A621-9E4D6166D9DB}.debug23|Any CPU.ActiveCfg = Debug|Any CPU
		{109CA5EB-D99D-4507-A621-9E4D6166D9DB}.debug23|Any CPU.Build.0 = Debug|Any CPU
		{109CA5EB-D99D-4507-A621-9E4D6166D9DB}.debug3|Any CPU.ActiveCfg = Debug|Any CPU
		{109CA5EB-D99D-4507-A621-9E4D6166D9DB}.debug3|Any CPU.Build.0 = Debug|Any CPU
		{109CA5EB-D99D-4507-A621-9E4D6166D9DB}.debug4|Any CPU.ActiveCfg = Debug|Any CPU
		{109CA5EB-D99D-4507-A621-9E4D6166D9DB}.debug4|Any CPU.Build.0 = Debug|Any CPU
		{109CA5EB-D99D-4507-A621-9E4D6166D9DB}.debug5|Any CPU.ActiveCfg = Debug|Any CPU
		{109CA5EB-D99D-4507-A621-9E4D6166D9DB}.debug5|Any CPU.Build.0 = Debug|Any CPU
		{109CA5EB-D99D-4507-A621-9E4D6166D9DB}.Debug7|Any CPU.ActiveCfg = Debug|Any CPU
		{109CA5EB-D99D-4507-A621-9E4D6166D9DB}.Debug7|Any CPU.Build.0 = Debug|Any CPU
		{109CA5EB-D99D-4507-A621-9E4D6166D9DB}.Debug8|Any CPU.ActiveCfg = Debug|Any CPU
		{109CA5EB-D99D-4507-A621-9E4D6166D9DB}.Debug8|Any CPU.Build.0 = Debug|Any CPU
		{109CA5EB-D99D-4507-A621-9E4D6166D9DB}.Rafi|Any CPU.ActiveCfg = Rafi|Any CPU
		{109CA5EB-D99D-4507-A621-9E4D6166D9DB}.Rafi|Any CPU.Build.0 = Rafi|Any CPU
		{109CA5EB-D99D-4507-A621-9E4D6166D9DB}.Release|Any CPU.ActiveCfg = Release|Any CPU
		{109CA5EB-D99D-4507-A621-9E4D6166D9DB}.Release|Any CPU.Build.0 = Release|Any CPU
	EndGlobalSection
	GlobalSection(SolutionProperties) = preSolution
		HideSolutionNode = FALSE
	EndGlobalSection
EndGlobal
